
Microsoft Visual Studio Solution File, Format Version 12.00
# Visual Studio Version 18
VisualStudioVersion = 18.5.11517.80 main
MinimumVisualStudioVersion = 10.0.40219.1
Project("{FAE04EC0-301F-11D3-BF4B-00C04F79EFBC}") = "AppNotify", "AppNotify.csproj", "{9FF95A02-2AEA-F6C5-620A-C9484174AEB0}"
EndProject
Global
	GlobalSection(SolutionConfigurationPlatforms) = preSolution
		Debug|ARM64 = Debug|ARM64
		Debug|x64 = Debug|x64
		Debug|x86 = Debug|x86
		Release|ARM64 = Release|ARM64
		Release|x64 = Release|x64
		Release|x86 = Release|x86
	EndGlobalSection
	GlobalSection(ProjectConfigurationPlatforms) = postSolution
		{9FF95A02-2AEA-F6C5-620A-C9484174AEB0}.Debug|ARM64.ActiveCfg = Debug|ARM64
		{9FF95A02-2AEA-F6C5-620A-C9484174AEB0}.Debug|ARM64.Build.0 = Debug|ARM64
		{9FF95A02-2AEA-F6C5-620A-C9484174AEB0}.Debug|x64.ActiveCfg = Debug|x64
		{9FF95A02-2AEA-F6C5-620A-C9484174AEB0}.Debug|x64.Build.0 = Debug|x64
		{9FF95A02-2AEA-F6C5-620A-C9484174AEB0}.Debug|x86.ActiveCfg = Debug|x86
		{9FF95A02-2AEA-F6C5-620A-C9484174AEB0}.Debug|x86.Build.0 = Debug|x86
		{9FF95A02-2AEA-F6C5-620A-C9484174AEB0}.Release|ARM64.ActiveCfg = Release|ARM64
		{9FF95A02-2AEA-F6C5-620A-C9484174AEB0}.Release|ARM64.Build.0 = Release|ARM64
		{9FF95A02-2AEA-F6C5-620A-C9484174AEB0}.Release|x64.ActiveCfg = Release|x64
		{9FF95A02-2AEA-F6C5-620A-C9484174AEB0}.Release|x64.Build.0 = Release|x64
		{9FF95A02-2AEA-F6C5-620A-C9484174AEB0}.Release|x86.ActiveCfg = Release|x86
		{9FF95A02-2AEA-F6C5-620A-C9484174AEB0}.Release|x86.Build.0 = Release|x86
	EndGlobalSection
	GlobalSection(SolutionProperties) = preSolution
		HideSolutionNode = FALSE
	EndGlobalSection
	GlobalSection(ExtensibilityGlobals) = postSolution
		SolutionGuid = {DEFD1DFA-EF81-4E7E-AFC3-3C8E66E3E36D}
	EndGlobalSection
EndGlobal
